<?xml version="1.0" encoding="utf-8"?>
<Project ToolsVersion="4.0" xmlns="http://schemas.microsoft.com/developer/msbuild/2003">
  <ItemGroup>
    <Filter Include="源文件">
      <UniqueIdentifier>{4FC737F1-C7A5-4376-A066-2A32D752A2FF}</UniqueIdentifier>
      <Extensions>cpp;c;cc;cxx;def;odl;idl;hpj;bat;asm;asmx</Extensions>
    </Filter>
    <Filter Include="资源文件">
      <UniqueIdentifier>{67DA6AB6-F800-4c08-8B7A-83BB121AAD01}</UniqueIdentifier>
      <Extensions>rc;ico;cur;bmp;dlg;rc2;rct;bin;rgs;gif;jpg;jpeg;jpe;resx;tiff;tif;png;wav;mfcribbon-ms</Extensions>
    </Filter>
    <Filter Include="hiredis">
      <UniqueIdentifier>{93995380-89BD-4b04-88EB-625FBE52EBFB}</UniqueIdentifier>
      <Extensions>h;hh;hpp;hxx;hm;inl;inc;xsd</Extensions>
    </Filter>
    <Filter Include="源文件\LuaScript">
      <UniqueIdentifier>{675116c6-6c0e-48e0-8dd1-8cda86d25c6b}</UniqueIdentifier>
    </Filter>
    <Filter Include="源文件\test">
      <UniqueIdentifier>{2429d2cc-224e-4ec6-86d5-da2132e94218}</UniqueIdentifier>
    </Filter>
  </ItemGroup>
  <ItemGroup>
    <ClCompile Include="main.cpp">
      <Filter>源文件</Filter>
    </ClCompile>
    <ClCompile Include="..\hiredis\async.c">
      <Filter>hiredis</Filter>
    </ClCompile>
    <ClCompile Include="..\hiredis\dict.c">
      <Filter>hiredis</Filter>
    </ClCompile>
    <ClCompile Include="..\hiredis\hiredis.c">
      <Filter>hiredis</Filter>
    </ClCompile>
    <ClCompile Include="..\hiredis\net.c">
      <Filter>hiredis</Filter>
    </ClCompile>
    <ClCompile Include="..\hiredis\read.c">
      <Filter>hiredis</Filter>
    </ClCompile>
    <ClCompile Include="..\hiredis\sds.c">
      <Filter>hiredis</Filter>
    </ClCompile>
    <ClCompile Include="..\hiredis\sockcompat.c">
      <Filter>hiredis</Filter>
    </ClCompile>
    <ClCompile Include="..\hiredis\sslio.c">
      <Filter>hiredis</Filter>
    </ClCompile>
    <ClCompile Include="..\hiredis\test.c">
      <Filter>hiredis</Filter>
    </ClCompile>
    <ClCompile Include="luaScript.cpp">
      <Filter>源文件\LuaScript</Filter>
    </ClCompile>
    <ClCompile Include="testRedisCommand.cpp">
      <Filter>源文件\test</Filter>
    </ClCompile>
  </ItemGroup>
  <ItemGroup>
    <ClInclude Include="..\hiredis\async.h">
      <Filter>hiredis</Filter>
    </ClInclude>
    <ClInclude Include="..\hiredis\dict.h">
      <Filter>hiredis</Filter>
    </ClInclude>
    <ClInclude Include="..\hiredis\fmacros.h">
      <Filter>hiredis</Filter>
    </ClInclude>
    <ClInclude Include="..\hiredis\hiredis.h">
      <Filter>hiredis</Filter>
    </ClInclude>
    <ClInclude Include="..\hiredis\net.h">
      <Filter>hiredis</Filter>
    </ClInclude>
    <ClInclude Include="..\hiredis\read.h">
      <Filter>hiredis</Filter>
    </ClInclude>
    <ClInclude Include="..\hiredis\sds.h">
      <Filter>hiredis</Filter>
    </ClInclude>
    <ClInclude Include="..\hiredis\sdsalloc.h">
      <Filter>hiredis</Filter>
    </ClInclude>
    <ClInclude Include="..\hiredis\sockcompat.h">
      <Filter>hiredis</Filter>
    </ClInclude>
    <ClInclude Include="..\hiredis\sslio.h">
      <Filter>hiredis</Filter>
    </ClInclude>
    <ClInclude Include="..\hiredis\win32.h">
      <Filter>hiredis</Filter>
    </ClInclude>
    <ClInclude Include="luaScript.h">
      <Filter>源文件\LuaScript</Filter>
    </ClInclude>
    <ClInclude Include="testRedisCommand.h">
      <Filter>源文件\test</Filter>
    </ClInclude>
  </ItemGroup>
  <ItemGroup>
    <None Include="..\hiredis\test.sh">
      <Filter>hiredis</Filter>
    </None>
    <None Include="Makefile">
      <Filter>源文件</Filter>
    </None>
  </ItemGroup>
</Project>